
Microsoft Visual Studio Solution File, Format Version 12.00
# Visual Studio Version 16
VisualStudioVersion = 16.0.30523.141
MinimumVisualStudioVersion = 10.0.40219.1
Project("{FAE04EC0-301F-11D3-BF4B-00C04F79EFBC}") = "Console CCServer", "Console CCServer.csproj", "{F7866201-A96A-41C2-804A-1FE19EE23428}"
EndProject
Global
	GlobalSection(SolutionConfigurationPlatforms) = preSolution
		Debug|Any CPU = Debug|Any CPU
		Release|Any CPU = Release|Any CPU
	EndGlobalSection
	GlobalSection(ProjectConfigurationPlatforms) = postSolution
		{F7866201-A96A-41C2-804A-1FE19EE23428}.Debug|Any CPU.ActiveCfg = Debug|Any CPU
		{F7866201-A96A-41C2-804A-1FE19EE23428}.Debug|Any CPU.Build.0 = Debug|Any CPU
		{F7866201-A96A-41C2-804A-1FE19EE23428}.Release|Any CPU.ActiveCfg = Release|Any CPU
		{F7866201-A96A-41C2-804A-1FE19EE23428}.Release|Any CPU.Build.0 = Release|Any CPU
	EndGlobalSection
	GlobalSection(SolutionProperties) = preSolution
		HideSolutionNode = FALSE
	EndGlobalSection
	GlobalSection(ExtensibilityGlobals) = postSolution
		SolutionGuid = {BE11F7D4-1F9C-44EA-BA3C-2D0951CB8B1F}
	EndGlobalSection
EndGlobal
